
Microsoft Visual Studio Solution File, Format Version 12.00
Project("{FAE04EC0-301F-11D3-BF4B-00C04F79EFBC}") = "Paper-Base-Api", "Paper-Base-Api\Paper-Base-Api.csproj", "{1616C27C-4961-4EF5-9F6F-C9F32398EE31}"
EndProject
Global
	GlobalSection(SolutionConfigurationPlatforms) = preSolution
		Debug|Any CPU = Debug|Any CPU
		Release|Any CPU = Release|Any CPU
	EndGlobalSection
	GlobalSection(ProjectConfigurationPlatforms) = postSolution
		{1616C27C-4961-4EF5-9F6F-C9F32398EE31}.Debug|Any CPU.ActiveCfg = Debug|Any CPU
		{1616C27C-4961-4EF5-9F6F-C9F32398EE31}.Debug|Any CPU.Build.0 = Debug|Any CPU
		{1616C27C-4961-4EF5-9F6F-C9F32398EE31}.Release|Any CPU.ActiveCfg = Release|Any CPU
		{1616C27C-4961-4EF5-9F6F-C9F32398EE31}.Release|Any CPU.Build.0 = Release|Any CPU
	EndGlobalSection
EndGlobal
